{
  "name": "ql-sfu-client",
  "version": "1.0.0",
  "lockfileVersion": 1,
  "requires": true,
  "dependencies": {
    "@types/debug": {
      "version": "4.1.5",
      "resolved": "https://registry.npmjs.org/@types/debug/-/debug-4.1.5.tgz",
      "integrity": "sha512-Q1y515GcOdTHgagaVFhHnIFQ38ygs/kmxdNpvpou+raI9UO3YZcHDngBSYKQklcKlvA7iuQlmIKbzvmxcOE9CQ=="
    },
    "@types/events": {
      "version": "3.0.0",
      "resolved": "https://registry.npmjs.org/@types/events/-/events-3.0.0.tgz",
      "integrity": "sha512-EaObqwIvayI5a8dCzhFrjKzVwKLxjoG9T6Ppd5CEo07LRKfQ8Yokw54r5+Wq7FaBQ+yXRvQAYPrHwya1/UFt9g=="
    },
    "awaitqueue": {
      "version": "2.1.1",
      "resolved": "https://registry.npmjs.org/awaitqueue/-/awaitqueue-2.1.1.tgz",
      "integrity": "sha512-pzmngNP5W9S0dg24oim4wEQRCBadowAxVv5aLIJmgI5a8m8Cxxm1jXtScgHzHFY1aDR5ep1rktPtRbUEuIPl0A=="
    },
    "bowser": {
      "version": "2.9.0",
      "resolved": "https://registry.npmjs.org/bowser/-/bowser-2.9.0.tgz",
      "integrity": "sha512-2ld76tuLBNFekRgmJfT2+3j5MIrP6bFict8WAIT3beq+srz1gcKNAdNKMqHqauQt63NmAa88HfP1/Ypa9Er3HA=="
    },
    "debug": {
      "version": "4.1.1",
      "resolved": "https://registry.npmjs.org/debug/-/debug-4.1.1.tgz",
      "integrity": "sha512-pYAIzeRo8J6KPEaJ0VWOh5Pzkbw/RetuzehGM7QRRX5he4fPHx2rdKMB256ehJCkX+XRQm16eZLqLNS8RSZXZw==",
      "requires": {
        "ms": "^2.1.1"
      }
    },
    "events": {
      "version": "3.1.0",
      "resolved": "https://registry.npmjs.org/events/-/events-3.1.0.tgz",
      "integrity": "sha512-Rv+u8MLHNOdMjTAFeT3nCjHn2aGlx435FP/sDHNaRhDEMwyI/aB22Kj2qIN8R0cw3z28psEQLYwxVKLsKrMgWg=="
    },
    "h264-profile-level-id": {
      "version": "1.0.1",
      "resolved": "https://registry.npmjs.org/h264-profile-level-id/-/h264-profile-level-id-1.0.1.tgz",
      "integrity": "sha512-D3Rln/jKNjKDW5ZTJTK3niSoOGE+pFqPvRHHVgQN3G7umcn/zWGPUo8Q8VpDj16x3hKz++zVviRNRmXu5cpN+Q==",
      "requires": {
        "debug": "^4.1.1"
      }
    },
    "has-flag": {
      "version": "4.0.0",
      "resolved": "https://registry.npmjs.org/has-flag/-/has-flag-4.0.0.tgz",
      "integrity": "sha512-EykJT/Q1KjTWctppgIAgfSO0tKVuZUjhgMr17kqTumMl6Afv3EISleU7qZUzoXDFTAHTDC4NOoG/ZxU3EvlMPQ=="
    },
    "mediasoup-client": {
      "version": "3.6.5",
      "resolved": "https://registry.npmjs.org/mediasoup-client/-/mediasoup-client-3.6.2.tgz",
      "integrity": "sha512-UkUIf/sTn+zkLwdAgDNo78UOh8atBwL+OhPJN87nmRuk7X7eyFgi4CuGm/equ/7Q+6XymdyetGRBCczuR2JAog==",
      "requires": {
        "@types/debug": "^4.1.5",
        "@types/events": "^3.0.0",
        "awaitqueue": "^2.1.1",
        "bowser": "^2.9.0",
        "debug": "^4.1.1",
        "events": "^3.1.0",
        "h264-profile-level-id": "^1.0.1",
        "sdp-transform": "^2.14.0",
        "supports-color": "^7.1.0"
      }
    },
    "ms": {
      "version": "2.1.2",
      "resolved": "https://registry.npmjs.org/ms/-/ms-2.1.2.tgz",
      "integrity": "sha512-sGkPx+VjMtmA6MX27oA4FBFELFCZZ4S4XqeGOXCv68tT+jb3vk/RyaKWP0PTKyWtmLSM0b+adUTEvbs1PEaH2w=="
    },
    "ql-im-client": {
      "version": "git+ssh://git@github.com/dobybros/ql-im-client.git#723e7431295662a6d8fa131ae786ef8ae3fa5572",
      "from": "git+ssh://git@github.com/dobybros/ql-im-client.git"
    },
    "sdp-transform": {
      "version": "2.14.0",
      "resolved": "https://registry.npmjs.org/sdp-transform/-/sdp-transform-2.14.0.tgz",
      "integrity": "sha512-8ZYOau/o9PzRhY0aMuRzvmiM6/YVQR8yjnBScvZHSdBnywK5oZzAJK+412ZKkDq29naBmR3bRw8MFu0C01Gehg=="
    },
    "supports-color": {
      "version": "7.1.0",
      "resolved": "https://registry.npmjs.org/supports-color/-/supports-color-7.1.0.tgz",
      "integrity": "sha512-oRSIpR8pxT1Wr2FquTNnGet79b3BWljqOuoW/h4oBhxJ/HUbX5nX6JSruTkvXDCFMwDPvsaTTbvMLKZWSy0R5g==",
      "requires": {
        "has-flag": "^4.0.0"
      }
    }
  }
}
